
Microsoft Visual Studio Solution File, Format Version 12.00
# Visual Studio Version 16
VisualStudioVersion = 16.0.30517.126
MinimumVisualStudioVersion = 10.0.40219.1
Project("{FAE04EC0-301F-11D3-BF4B-00C04F79EFBC}") = "veri tabanı entity framwork çalışmaları", "veri tabanı entity framwork çalışmaları.csproj", "{70BCAE29-49DD-4FF3-9478-658F92328B83}"
EndProject
Global
	GlobalSection(SolutionConfigurationPlatforms) = preSolution
		Debug|Any CPU = Debug|Any CPU
		Release|Any CPU = Release|Any CPU
	EndGlobalSection
	GlobalSection(ProjectConfigurationPlatforms) = postSolution
		{70BCAE29-49DD-4FF3-9478-658F92328B83}.Debug|Any CPU.ActiveCfg = Debug|Any CPU
		{70BCAE29-49DD-4FF3-9478-658F92328B83}.Debug|Any CPU.Build.0 = Debug|Any CPU
		{70BCAE29-49DD-4FF3-9478-658F92328B83}.Release|Any CPU.ActiveCfg = Release|Any CPU
		{70BCAE29-49DD-4FF3-9478-658F92328B83}.Release|Any CPU.Build.0 = Release|Any CPU
	EndGlobalSection
	GlobalSection(SolutionProperties) = preSolution
		HideSolutionNode = FALSE
	EndGlobalSection
	GlobalSection(ExtensibilityGlobals) = postSolution
		SolutionGuid = {0C8FB9EB-0D81-441E-9DCA-BE058608C898}
	EndGlobalSection
EndGlobal
